github.com/spin-stack/go-tools v0.0.0-20260928192553-78c001a1815a h1:K0cXfDYSxfkI4DWbv8x3EZqJxwdP7zwDRQp1tnLG70A=
github.com/spin-stack/go-tools v0.0.0-20260928192553-78c001a1815a/go.mod h1:3nqS8zyHMik6m1Q6RZSkEuAktGu6kL8krd7g4dSCxQE=
go.yaml.in/yaml/v3 v3.0.5 h1:N6y/pJk8buWs9NY5ERU2HSMfm+IuD/OtfdAnq6kESPw=
go.yaml.in/yaml/v3 v3.0.5/go.mod h1:HVTZu1O7/Vkt2N+BFy8Zza+lnLsABggaTM2ZpNIGuKg=
